
Microsoft Visual Studio Solution File, Format Version 12.00
# Visual Studio Version 17
VisualStudioVersion = 17.13.35919.96
MinimumVisualStudioVersion = 10.0.40219.1
Project("{2150E333-8FDC-42A3-9474-1A3956D46DE8}") = "Tests", "Tests", "{02EA681E-C7D8-13C7-8484-4AC65E1B71E8}"
EndProject
Project("{FAE04EC0-301F-11D3-BF4B-00C04F79EFBC}") = "UKHO.ExternalNotificationService.API.FunctionalTests", "UKHO.ExternalNotificationService.API\UKHO.ExternalNotificationService.API.FunctionalTests\UKHO.ExternalNotificationService.API.FunctionalTests.csproj", "{BC2AA979-2243-FF13-BB7F-56EBD7CFC3E6}"
EndProject
Project("{FAE04EC0-301F-11D3-BF4B-00C04F79EFBC}") = "UKHO.ExternalNotificationService.API.UnitTests", "UKHO.ExternalNotificationService.API\UKHO.ExternalNotificationService.API.UnitTests\UKHO.ExternalNotificationService.API.UnitTests.csproj", "{09631A14-7740-C41A-E3FF-039A2EF8C786}"
EndProject
Project("{FAE04EC0-301F-11D3-BF4B-00C04F79EFBC}") = "UKHO.ExternalNotificationService.Common.UnitTests", "UKHO.ExternalNotificationService.API\UKHO.ExternalNotificationService.Common.UnitTests\UKHO.ExternalNotificationService.Common.UnitTests.csproj", "{57631CDA-B8F6-358C-1C65-CD56AFBC479B}"
EndProject
Project("{FAE04EC0-301F-11D3-BF4B-00C04F79EFBC}") = "UKHO.ExternalNotificationService.Webjob.UnitTests", "UKHO.ExternalNotificationService.API\UKHO.ExternalNotificationService.SubscriptionService.UnitTests\UKHO.ExternalNotificationService.Webjob.UnitTests.csproj", "{51775E63-008B-4DD7-C926-806B3FADEDF0}"
EndProject
Project("{2150E333-8FDC-42A3-9474-1A3956D46DE8}") = "WebJobs", "WebJobs", "{BEFDDBE1-9325-4945-B109-A7B31D39A30A}"
EndProject
Project("{FAE04EC0-301F-11D3-BF4B-00C04F79EFBC}") = "UKHO.ExternalNotificationService.SubscriptionService", "UKHO.ExternalNotificationService.API\UKHO.ExternalNotificationService.SubscriptionService\UKHO.ExternalNotificationService.SubscriptionService.csproj", "{A4879797-CBD5-D613-5E18-239EC781A4B1}"
EndProject
Project("{FAE04EC0-301F-11D3-BF4B-00C04F79EFBC}") = "UKHO.ExternalNotificationService.API", "UKHO.ExternalNotificationService.API\UKHO.ExternalNotificationService.API\UKHO.ExternalNotificationService.API.csproj", "{47015453-4A6B-8F62-7723-F87735FFD90C}"
EndProject
Project("{FAE04EC0-301F-11D3-BF4B-00C04F79EFBC}") = "UKHO.ExternalNotificationService.Common", "UKHO.ExternalNotificationService.API\UKHO.ExternalNotificationService.Common\UKHO.ExternalNotificationService.Common.csproj", "{DCCAFAA7-B3E8-2E1A-031F-BCD34CFB9792}"
EndProject
Project("{2150E333-8FDC-42A3-9474-1A3956D46DE8}") = "Stub", "Stub", "{641E0F7E-B20D-473E-90EB-6FD8C7A6C9D1}"
EndProject
Project("{2150E333-8FDC-42A3-9474-1A3956D46DE8}") = "Tests", "Tests", "{CC0E7C14-465D-46C7-8237-A0891C6CC08A}"
EndProject
Project("{FAE04EC0-301F-11D3-BF4B-00C04F79EFBC}") = "UKHO.D365CallbackDistributorStub.API.Tests", "UKHO.D365CallbackDistributorStub.API\UKHO.D365CallbackDistributorStub.API.Tests\UKHO.D365CallbackDistributorStub.API.Tests.csproj", "{BB16DB83-2C0C-C738-107D-E4D168A264EC}"
EndProject
Project("{FAE04EC0-301F-11D3-BF4B-00C04F79EFBC}") = "UKHO.D365CallbackDistributorStub.API", "UKHO.D365CallbackDistributorStub.API\UKHO.D365CallbackDistributorStub.API\UKHO.D365CallbackDistributorStub.API.csproj", "{F5C16599-C3FF-52F1-E62A-5E292FC91A32}"
EndProject
Project("{2150E333-8FDC-42A3-9474-1A3956D46DE8}") = "Pipeline", "Pipeline", "{07E5BE03-524E-4412-95DE-698C4CF57B72}"
	ProjectSection(SolutionItems) = preProject
		Apply-AssemblyVersionAndDefaults.ps1 = Apply-AssemblyVersionAndDefaults.ps1
		azure-pipelines.yml = azure-pipelines.yml
		BuildNuget.config = BuildNuget.config
		CodeCoverageReport.ps1 = CodeCoverageReport.ps1
		external-notification-service-monitor.openApi.yaml = external-notification-service-monitor.openApi.yaml
		external-notification-service.openApi.yaml = external-notification-service.openApi.yaml
	EndProjectSection
EndProject
Project("{2150E333-8FDC-42A3-9474-1A3956D46DE8}") = "Deployment", "Deployment", "{57695DF2-EF07-4EBF-88F2-808818A88A72}"
	ProjectSection(SolutionItems) = preProject
		Deployment\add-lease.ps1 = Deployment\add-lease.ps1
		Deployment\ADDS-e2e-tests.ps1 = Deployment\ADDS-e2e-tests.ps1
		Deployment\check_service_status.ps1 = Deployment\check_service_status.ps1
		Deployment\set_stub_url.ps1 = Deployment\set_stub_url.ps1
		Deployment\terraform_conditional_run.ps1 = Deployment\terraform_conditional_run.ps1
		Deployment\terraform_conditional_run_apim.ps1 = Deployment\terraform_conditional_run_apim.ps1
		Deployment\terraform_run.ps1 = Deployment\terraform_run.ps1
	EndProjectSection
EndProject
Project("{2150E333-8FDC-42A3-9474-1A3956D46DE8}") = "src", "src", "{A27CD252-7332-49B4-B8DE-8DE70ECE6B37}"
	ProjectSection(SolutionItems) = preProject
		Deployment\src\azure.tf = Deployment\src\azure.tf
		Deployment\src\main.tf = Deployment\src\main.tf
		Deployment\src\migration.tf = Deployment\src\migration.tf
		Deployment\src\outputs.tf = Deployment\src\outputs.tf
		Deployment\src\resource-group.tf = Deployment\src\resource-group.tf
		Deployment\src\variables.tf = Deployment\src\variables.tf
	EndProjectSection
EndProject
Project("{2150E333-8FDC-42A3-9474-1A3956D46DE8}") = "APIM", "APIM", "{74437E27-F7A0-480E-BFC9-2FF01BF2A41C}"
	ProjectSection(SolutionItems) = preProject
		Deployment\src\APIM\azure.tf = Deployment\src\APIM\azure.tf
		Deployment\src\APIM\main.tf = Deployment\src\APIM\main.tf
		Deployment\src\APIM\terraform_run.ps1 = Deployment\src\APIM\terraform_run.ps1
		Deployment\src\APIM\variables.tf = Deployment\src\APIM\variables.tf
	EndProjectSection
EndProject
Project("{2150E333-8FDC-42A3-9474-1A3956D46DE8}") = "Modules", "Modules", "{93F46AA8-51AD-4F05-8601-ABA9CAD68AB4}"
EndProject
Project("{2150E333-8FDC-42A3-9474-1A3956D46DE8}") = "ExternalNotificationService", "ExternalNotificationService", "{22D51976-EAC3-4F58-B52C-F21ACC909112}"
	ProjectSection(SolutionItems) = preProject
		Deployment\src\APIM\Modules\ExternalNotificationService\main.tf = Deployment\src\APIM\Modules\ExternalNotificationService\main.tf
		Deployment\src\APIM\Modules\ExternalNotificationService\variables.tf = Deployment\src\APIM\Modules\ExternalNotificationService\variables.tf
	EndProjectSection
EndProject
Project("{2150E333-8FDC-42A3-9474-1A3956D46DE8}") = "Modules", "Modules", "{7A8A2E55-16DD-48D9-820D-7509633BB826}"
EndProject
Project("{2150E333-8FDC-42A3-9474-1A3956D46DE8}") = "AppInsights", "AppInsights", "{412C3807-9690-41B9-BF63-2252C23C8416}"
	ProjectSection(SolutionItems) = preProject
		Deployment\src\Modules\AppInsights\main.tf = Deployment\src\Modules\AppInsights\main.tf
		Deployment\src\Modules\AppInsights\outputs.tf = Deployment\src\Modules\AppInsights\outputs.tf
		Deployment\src\Modules\AppInsights\variables.tf = Deployment\src\Modules\AppInsights\variables.tf
	EndProjectSection
EndProject
Project("{2150E333-8FDC-42A3-9474-1A3956D46DE8}") = "AzureDashboard", "AzureDashboard", "{92215913-D83B-4AA0-B8C8-C2EBD224D098}"
	ProjectSection(SolutionItems) = preProject
		Deployment\src\Modules\AzureDashboard\dashboard.tpl = Deployment\src\Modules\AzureDashboard\dashboard.tpl
		Deployment\src\Modules\AzureDashboard\main.tf = Deployment\src\Modules\AzureDashboard\main.tf
		Deployment\src\Modules\AzureDashboard\variables.tf = Deployment\src\Modules\AzureDashboard\variables.tf
	EndProjectSection
EndProject
Project("{2150E333-8FDC-42A3-9474-1A3956D46DE8}") = "EventGridDomain", "EventGridDomain", "{12C5B44D-37BC-4FAB-BC1F-D7E3745923F7}"
	ProjectSection(SolutionItems) = preProject
		Deployment\src\Modules\EventGridDomain\main.tf = Deployment\src\Modules\EventGridDomain\main.tf
		Deployment\src\Modules\EventGridDomain\outputs.tf = Deployment\src\Modules\EventGridDomain\outputs.tf
		Deployment\src\Modules\EventGridDomain\variable.tf = Deployment\src\Modules\EventGridDomain\variable.tf
	EndProjectSection
EndProject
Project("{2150E333-8FDC-42A3-9474-1A3956D46DE8}") = "EventGridDomainPrivateEndpoint", "EventGridDomainPrivateEndpoint", "{D1459F3E-D0AD-487D-AAB5-FDD77C285B01}"
	ProjectSection(SolutionItems) = preProject
		Deployment\src\Modules\EventGridDomainPrivateEndpoint\main.tf = Deployment\src\Modules\EventGridDomainPrivateEndpoint\main.tf
		Deployment\src\Modules\EventGridDomainPrivateEndpoint\outputs.tf = Deployment\src\Modules\EventGridDomainPrivateEndpoint\outputs.tf
		Deployment\src\Modules\EventGridDomainPrivateEndpoint\variables.tf = Deployment\src\Modules\EventGridDomainPrivateEndpoint\variables.tf
	EndProjectSection
EndProject
Project("{2150E333-8FDC-42A3-9474-1A3956D46DE8}") = "EventHub", "EventHub", "{2FF30B04-E957-4905-8A49-35A32175AE79}"
	ProjectSection(SolutionItems) = preProject
		Deployment\src\Modules\EventHub\main.tf = Deployment\src\Modules\EventHub\main.tf
		Deployment\src\Modules\EventHub\outputs.tf = Deployment\src\Modules\EventHub\outputs.tf
		Deployment\src\Modules\EventHub\variables.tf = Deployment\src\Modules\EventHub\variables.tf
	EndProjectSection
EndProject
Project("{2150E333-8FDC-42A3-9474-1A3956D46DE8}") = "KeyVault", "KeyVault", "{421A076E-B6B1-4339-A827-795AC8AB9E63}"
	ProjectSection(SolutionItems) = preProject
		Deployment\src\Modules\KeyVault\main.tf = Deployment\src\Modules\KeyVault\main.tf
		Deployment\src\Modules\KeyVault\outputs.tf = Deployment\src\Modules\KeyVault\outputs.tf
		Deployment\src\Modules\KeyVault\variables.tf = Deployment\src\Modules\KeyVault\variables.tf
	EndProjectSection
EndProject
Project("{2150E333-8FDC-42A3-9474-1A3956D46DE8}") = "Storage", "Storage", "{D73009F0-0CE3-4A68-954A-A3AD9882DE80}"
	ProjectSection(SolutionItems) = preProject
		Deployment\src\Modules\Storage\main.tf = Deployment\src\Modules\Storage\main.tf
		Deployment\src\Modules\Storage\outputs.tf = Deployment\src\Modules\Storage\outputs.tf
		Deployment\src\Modules\Storage\variable.tf = Deployment\src\Modules\Storage\variable.tf
	EndProjectSection
EndProject
Project("{2150E333-8FDC-42A3-9474-1A3956D46DE8}") = "Webapp", "Webapp", "{ECE0AEE8-B1C9-4A11-A23B-13C330D2E401}"
	ProjectSection(SolutionItems) = preProject
		Deployment\src\Modules\Webapp\main.tf = Deployment\src\Modules\Webapp\main.tf
		Deployment\src\Modules\Webapp\outputs.tf = Deployment\src\Modules\Webapp\outputs.tf
		Deployment\src\Modules\Webapp\variables.tf = Deployment\src\Modules\Webapp\variables.tf
	EndProjectSection
EndProject
Project("{2150E333-8FDC-42A3-9474-1A3956D46DE8}") = "templates", "templates", "{83297DAA-3BA8-4252-8C3C-27CED203B85A}"
	ProjectSection(SolutionItems) = preProject
		Deployment\templates\app-deploy.yml = Deployment\templates\app-deploy.yml
		Deployment\templates\build-test-publish.yml = Deployment\templates\build-test-publish.yml
		Deployment\templates\continuous-deployment-apim.yml = Deployment\templates\continuous-deployment-apim.yml
		Deployment\templates\continuous-deployment.yml = Deployment\templates\continuous-deployment.yml
		Deployment\templates\functional-test-process.yml = Deployment\templates\functional-test-process.yml
		Deployment\templates\retain-pipeline.yml = Deployment\templates\retain-pipeline.yml
		Deployment\templates\vulnerability-checks.yml = Deployment\templates\vulnerability-checks.yml
	EndProjectSection
EndProject
Project("{2150E333-8FDC-42A3-9474-1A3956D46DE8}") = "var", "var", "{4CF0D076-92E5-44D3-A9B2-A6FEB4C38C87}"
	ProjectSection(SolutionItems) = preProject
		Deployment\templates\var\common.yml = Deployment\templates\var\common.yml
		Deployment\templates\var\dev-deploy.yml = Deployment\templates\var\dev-deploy.yml
		Deployment\templates\var\dev-groups.yml = Deployment\templates\var\dev-groups.yml
		Deployment\templates\var\e2evnext-deploy.yml = Deployment\templates\var\e2evnext-deploy.yml
		Deployment\templates\var\e2evnext-groups.yml = Deployment\templates\var\e2evnext-groups.yml
		Deployment\templates\var\iat-deploy.yml = Deployment\templates\var\iat-deploy.yml
		Deployment\templates\var\iat-groups.yml = Deployment\templates\var\iat-groups.yml
		Deployment\templates\var\iatvnext-deploy.yml = Deployment\templates\var\iatvnext-deploy.yml
		Deployment\templates\var\iatvnext-groups.yml = Deployment\templates\var\iatvnext-groups.yml
		Deployment\templates\var\pre-deploy.yml = Deployment\templates\var\pre-deploy.yml
		Deployment\templates\var\pre-groups.yml = Deployment\templates\var\pre-groups.yml
	EndProjectSection
EndProject
Global
	GlobalSection(SolutionConfigurationPlatforms) = preSolution
		Debug|Any CPU = Debug|Any CPU
		Release|Any CPU = Release|Any CPU
	EndGlobalSection
	GlobalSection(ProjectConfigurationPlatforms) = postSolution
		{BC2AA979-2243-FF13-BB7F-56EBD7CFC3E6}.Debug|Any CPU.ActiveCfg = Debug|Any CPU
		{BC2AA979-2243-FF13-BB7F-56EBD7CFC3E6}.Debug|Any CPU.Build.0 = Debug|Any CPU
		{BC2AA979-2243-FF13-BB7F-56EBD7CFC3E6}.Release|Any CPU.ActiveCfg = Release|Any CPU
		{BC2AA979-2243-FF13-BB7F-56EBD7CFC3E6}.Release|Any CPU.Build.0 = Release|Any CPU
		{09631A14-7740-C41A-E3FF-039A2EF8C786}.Debug|Any CPU.ActiveCfg = Debug|Any CPU
		{09631A14-7740-C41A-E3FF-039A2EF8C786}.Debug|Any CPU.Build.0 = Debug|Any CPU
		{09631A14-7740-C41A-E3FF-039A2EF8C786}.Release|Any CPU.ActiveCfg = Release|Any CPU
		{09631A14-7740-C41A-E3FF-039A2EF8C786}.Release|Any CPU.Build.0 = Release|Any CPU
		{57631CDA-B8F6-358C-1C65-CD56AFBC479B}.Debug|Any CPU.ActiveCfg = Debug|Any CPU
		{57631CDA-B8F6-358C-1C65-CD56AFBC479B}.Debug|Any CPU.Build.0 = Debug|Any CPU
		{57631CDA-B8F6-358C-1C65-CD56AFBC479B}.Release|Any CPU.ActiveCfg = Release|Any CPU
		{57631CDA-B8F6-358C-1C65-CD56AFBC479B}.Release|Any CPU.Build.0 = Release|Any CPU
		{51775E63-008B-4DD7-C926-806B3FADEDF0}.Debug|Any CPU.ActiveCfg = Debug|Any CPU
		{51775E63-008B-4DD7-C926-806B3FADEDF0}.Debug|Any CPU.Build.0 = Debug|Any CPU
		{51775E63-008B-4DD7-C926-806B3FADEDF0}.Release|Any CPU.ActiveCfg = Release|Any CPU
		{51775E63-008B-4DD7-C926-806B3FADEDF0}.Release|Any CPU.Build.0 = Release|Any CPU
		{A4879797-CBD5-D613-5E18-239EC781A4B1}.Debug|Any CPU.ActiveCfg = Debug|Any CPU
		{A4879797-CBD5-D613-5E18-239EC781A4B1}.Debug|Any CPU.Build.0 = Debug|Any CPU
		{A4879797-CBD5-D613-5E18-239EC781A4B1}.Release|Any CPU.ActiveCfg = Release|Any CPU
		{A4879797-CBD5-D613-5E18-239EC781A4B1}.Release|Any CPU.Build.0 = Release|Any CPU
		{47015453-4A6B-8F62-7723-F87735FFD90C}.Debug|Any CPU.ActiveCfg = Debug|Any CPU
		{47015453-4A6B-8F62-7723-F87735FFD90C}.Debug|Any CPU.Build.0 = Debug|Any CPU
		{47015453-4A6B-8F62-7723-F87735FFD90C}.Release|Any CPU.ActiveCfg = Release|Any CPU
		{47015453-4A6B-8F62-7723-F87735FFD90C}.Release|Any CPU.Build.0 = Release|Any CPU
		{DCCAFAA7-B3E8-2E1A-031F-BCD34CFB9792}.Debug|Any CPU.ActiveCfg = Debug|Any CPU
		{DCCAFAA7-B3E8-2E1A-031F-BCD34CFB9792}.Debug|Any CPU.Build.0 = Debug|Any CPU
		{DCCAFAA7-B3E8-2E1A-031F-BCD34CFB9792}.Release|Any CPU.ActiveCfg = Release|Any CPU
		{DCCAFAA7-B3E8-2E1A-031F-BCD34CFB9792}.Release|Any CPU.Build.0 = Release|Any CPU
		{BB16DB83-2C0C-C738-107D-E4D168A264EC}.Debug|Any CPU.ActiveCfg = Debug|Any CPU
		{BB16DB83-2C0C-C738-107D-E4D168A264EC}.Debug|Any CPU.Build.0 = Debug|Any CPU
		{BB16DB83-2C0C-C738-107D-E4D168A264EC}.Release|Any CPU.ActiveCfg = Release|Any CPU
		{BB16DB83-2C0C-C738-107D-E4D168A264EC}.Release|Any CPU.Build.0 = Release|Any CPU
		{F5C16599-C3FF-52F1-E62A-5E292FC91A32}.Debug|Any CPU.ActiveCfg = Debug|Any CPU
		{F5C16599-C3FF-52F1-E62A-5E292FC91A32}.Debug|Any CPU.Build.0 = Debug|Any CPU
		{F5C16599-C3FF-52F1-E62A-5E292FC91A32}.Release|Any CPU.ActiveCfg = Release|Any CPU
		{F5C16599-C3FF-52F1-E62A-5E292FC91A32}.Release|Any CPU.Build.0 = Release|Any CPU
	EndGlobalSection
	GlobalSection(SolutionProperties) = preSolution
		HideSolutionNode = FALSE
	EndGlobalSection
	GlobalSection(NestedProjects) = preSolution
		{BC2AA979-2243-FF13-BB7F-56EBD7CFC3E6} = {02EA681E-C7D8-13C7-8484-4AC65E1B71E8}
		{09631A14-7740-C41A-E3FF-039A2EF8C786} = {02EA681E-C7D8-13C7-8484-4AC65E1B71E8}
		{57631CDA-B8F6-358C-1C65-CD56AFBC479B} = {02EA681E-C7D8-13C7-8484-4AC65E1B71E8}
		{51775E63-008B-4DD7-C926-806B3FADEDF0} = {02EA681E-C7D8-13C7-8484-4AC65E1B71E8}
		{A4879797-CBD5-D613-5E18-239EC781A4B1} = {BEFDDBE1-9325-4945-B109-A7B31D39A30A}
		{CC0E7C14-465D-46C7-8237-A0891C6CC08A} = {641E0F7E-B20D-473E-90EB-6FD8C7A6C9D1}
		{BB16DB83-2C0C-C738-107D-E4D168A264EC} = {CC0E7C14-465D-46C7-8237-A0891C6CC08A}
		{F5C16599-C3FF-52F1-E62A-5E292FC91A32} = {641E0F7E-B20D-473E-90EB-6FD8C7A6C9D1}
		{57695DF2-EF07-4EBF-88F2-808818A88A72} = {07E5BE03-524E-4412-95DE-698C4CF57B72}
		{A27CD252-7332-49B4-B8DE-8DE70ECE6B37} = {57695DF2-EF07-4EBF-88F2-808818A88A72}
		{74437E27-F7A0-480E-BFC9-2FF01BF2A41C} = {A27CD252-7332-49B4-B8DE-8DE70ECE6B37}
		{93F46AA8-51AD-4F05-8601-ABA9CAD68AB4} = {74437E27-F7A0-480E-BFC9-2FF01BF2A41C}
		{22D51976-EAC3-4F58-B52C-F21ACC909112} = {93F46AA8-51AD-4F05-8601-ABA9CAD68AB4}
		{7A8A2E55-16DD-48D9-820D-7509633BB826} = {A27CD252-7332-49B4-B8DE-8DE70ECE6B37}
		{412C3807-9690-41B9-BF63-2252C23C8416} = {7A8A2E55-16DD-48D9-820D-7509633BB826}
		{92215913-D83B-4AA0-B8C8-C2EBD224D098} = {7A8A2E55-16DD-48D9-820D-7509633BB826}
		{12C5B44D-37BC-4FAB-BC1F-D7E3745923F7} = {7A8A2E55-16DD-48D9-820D-7509633BB826}
		{D1459F3E-D0AD-487D-AAB5-FDD77C285B01} = {7A8A2E55-16DD-48D9-820D-7509633BB826}
		{2FF30B04-E957-4905-8A49-35A32175AE79} = {7A8A2E55-16DD-48D9-820D-7509633BB826}
		{421A076E-B6B1-4339-A827-795AC8AB9E63} = {7A8A2E55-16DD-48D9-820D-7509633BB826}
		{D73009F0-0CE3-4A68-954A-A3AD9882DE80} = {7A8A2E55-16DD-48D9-820D-7509633BB826}
		{ECE0AEE8-B1C9-4A11-A23B-13C330D2E401} = {7A8A2E55-16DD-48D9-820D-7509633BB826}
		{83297DAA-3BA8-4252-8C3C-27CED203B85A} = {57695DF2-EF07-4EBF-88F2-808818A88A72}
		{4CF0D076-92E5-44D3-A9B2-A6FEB4C38C87} = {83297DAA-3BA8-4252-8C3C-27CED203B85A}
	EndGlobalSection
	GlobalSection(ExtensibilityGlobals) = postSolution
		SolutionGuid = {668A6A99-1CAE-4898-9912-F0E5FC3C22E7}
	EndGlobalSection
EndGlobal
