
Microsoft Visual Studio Solution File, Format Version 12.00
# Visual Studio Version 17
VisualStudioVersion = 17.13.35919.96
MinimumVisualStudioVersion = 10.0.40219.1
Project("{2150E333-8FDC-42A3-9474-1A3956D46DE8}") = "Tests", "Tests", "{02EA681E-C7D8-13C7-8484-4AC65E1B71E8}"
EndProject
Project("{FAE04EC0-301F-11D3-BF4B-00C04F79EFBC}") = "UKHO.ExternalNotificationService.API.FunctionalTests", "UKHO.ExternalNotificationService.API\UKHO.ExternalNotificationService.API.FunctionalTests\UKHO.ExternalNotificationService.API.FunctionalTests.csproj", "{BC2AA979-2243-FF13-BB7F-56EBD7CFC3E6}"
EndProject
Project("{FAE04EC0-301F-11D3-BF4B-00C04F79EFBC}") = "UKHO.ExternalNotificationService.API.UnitTests", "UKHO.ExternalNotificationService.API\UKHO.ExternalNotificationService.API.UnitTests\UKHO.ExternalNotificationService.API.UnitTests.csproj", "{09631A14-7740-C41A-E3FF-039A2EF8C786}"
EndProject
Project("{FAE04EC0-301F-11D3-BF4B-00C04F79EFBC}") = "UKHO.ExternalNotificationService.Common.UnitTests", "UKHO.ExternalNotificationService.API\UKHO.ExternalNotificationService.Common.UnitTests\UKHO.ExternalNotificationService.Common.UnitTests.csproj", "{57631CDA-B8F6-358C-1C65-CD56AFBC479B}"
EndProject
Project("{FAE04EC0-301F-11D3-BF4B-00C04F79EFBC}") = "UKHO.ExternalNotificationService.Webjob.UnitTests", "UKHO.ExternalNotificationService.API\UKHO.ExternalNotificationService.SubscriptionService.UnitTests\UKHO.ExternalNotificationService.Webjob.UnitTests.csproj", "{51775E63-008B-4DD7-C926-806B3FADEDF0}"
EndProject
Project("{2150E333-8FDC-42A3-9474-1A3956D46DE8}") = "WebJobs", "WebJobs", "{BEFDDBE1-9325-4945-B109-A7B31D39A30A}"
EndProject
Project("{FAE04EC0-301F-11D3-BF4B-00C04F79EFBC}") = "UKHO.ExternalNotificationService.SubscriptionService", "UKHO.ExternalNotificationService.API\UKHO.ExternalNotificationService.SubscriptionService\UKHO.ExternalNotificationService.SubscriptionService.csproj", "{A4879797-CBD5-D613-5E18-239EC781A4B1}"
EndProject
Project("{FAE04EC0-301F-11D3-BF4B-00C04F79EFBC}") = "UKHO.ExternalNotificationService.API", "UKHO.ExternalNotificationService.API\UKHO.ExternalNotificationService.API\UKHO.ExternalNotificationService.API.csproj", "{47015453-4A6B-8F62-7723-F87735FFD90C}"
EndProject
Project("{FAE04EC0-301F-11D3-BF4B-00C04F79EFBC}") = "UKHO.ExternalNotificationService.Common", "UKHO.ExternalNotificationService.API\UKHO.ExternalNotificationService.Common\UKHO.ExternalNotificationService.Common.csproj", "{DCCAFAA7-B3E8-2E1A-031F-BCD34CFB9792}"
EndProject
Project("{2150E333-8FDC-42A3-9474-1A3956D46DE8}") = "Stub", "Stub", "{641E0F7E-B20D-473E-90EB-6FD8C7A6C9D1}"
EndProject
Project("{2150E333-8FDC-42A3-9474-1A3956D46DE8}") = "Tests", "Tests", "{CC0E7C14-465D-46C7-8237-A0891C6CC08A}"
EndProject
Project("{FAE04EC0-301F-11D3-BF4B-00C04F79EFBC}") = "UKHO.D365CallbackDistributorStub.API.Tests", "UKHO.D365CallbackDistributorStub.API\UKHO.D365CallbackDistributorStub.API.Tests\UKHO.D365CallbackDistributorStub.API.Tests.csproj", "{BB16DB83-2C0C-C738-107D-E4D168A264EC}"
EndProject
Project("{FAE04EC0-301F-11D3-BF4B-00C04F79EFBC}") = "UKHO.D365CallbackDistributorStub.API", "UKHO.D365CallbackDistributorStub.API\UKHO.D365CallbackDistributorStub.API\UKHO.D365CallbackDistributorStub.API.csproj", "{F5C16599-C3FF-52F1-E62A-5E292FC91A32}"
EndProject
Global
	GlobalSection(SolutionConfigurationPlatforms) = preSolution
		Debug|Any CPU = Debug|Any CPU
		Release|Any CPU = Release|Any CPU
	EndGlobalSection
	GlobalSection(ProjectConfigurationPlatforms) = postSolution
		{BC2AA979-2243-FF13-BB7F-56EBD7CFC3E6}.Debug|Any CPU.ActiveCfg = Debug|Any CPU
		{BC2AA979-2243-FF13-BB7F-56EBD7CFC3E6}.Debug|Any CPU.Build.0 = Debug|Any CPU
		{BC2AA979-2243-FF13-BB7F-56EBD7CFC3E6}.Release|Any CPU.ActiveCfg = Release|Any CPU
		{BC2AA979-2243-FF13-BB7F-56EBD7CFC3E6}.Release|Any CPU.Build.0 = Release|Any CPU
		{09631A14-7740-C41A-E3FF-039A2EF8C786}.Debug|Any CPU.ActiveCfg = Debug|Any CPU
		{09631A14-7740-C41A-E3FF-039A2EF8C786}.Debug|Any CPU.Build.0 = Debug|Any CPU
		{09631A14-7740-C41A-E3FF-039A2EF8C786}.Release|Any CPU.ActiveCfg = Release|Any CPU
		{09631A14-7740-C41A-E3FF-039A2EF8C786}.Release|Any CPU.Build.0 = Release|Any CPU
		{57631CDA-B8F6-358C-1C65-CD56AFBC479B}.Debug|Any CPU.ActiveCfg = Debug|Any CPU
		{57631CDA-B8F6-358C-1C65-CD56AFBC479B}.Debug|Any CPU.Build.0 = Debug|Any CPU
		{57631CDA-B8F6-358C-1C65-CD56AFBC479B}.Release|Any CPU.ActiveCfg = Release|Any CPU
		{57631CDA-B8F6-358C-1C65-CD56AFBC479B}.Release|Any CPU.Build.0 = Release|Any CPU
		{51775E63-008B-4DD7-C926-806B3FADEDF0}.Debug|Any CPU.ActiveCfg = Debug|Any CPU
		{51775E63-008B-4DD7-C926-806B3FADEDF0}.Debug|Any CPU.Build.0 = Debug|Any CPU
		{51775E63-008B-4DD7-C926-806B3FADEDF0}.Release|Any CPU.ActiveCfg = Release|Any CPU
		{51775E63-008B-4DD7-C926-806B3FADEDF0}.Release|Any CPU.Build.0 = Release|Any CPU
		{A4879797-CBD5-D613-5E18-239EC781A4B1}.Debug|Any CPU.ActiveCfg = Debug|Any CPU
		{A4879797-CBD5-D613-5E18-239EC781A4B1}.Debug|Any CPU.Build.0 = Debug|Any CPU
		{A4879797-CBD5-D613-5E18-239EC781A4B1}.Release|Any CPU.ActiveCfg = Release|Any CPU
		{A4879797-CBD5-D613-5E18-239EC781A4B1}.Release|Any CPU.Build.0 = Release|Any CPU
		{47015453-4A6B-8F62-7723-F87735FFD90C}.Debug|Any CPU.ActiveCfg = Debug|Any CPU
		{47015453-4A6B-8F62-7723-F87735FFD90C}.Debug|Any CPU.Build.0 = Debug|Any CPU
		{47015453-4A6B-8F62-7723-F87735FFD90C}.Release|Any CPU.ActiveCfg = Release|Any CPU
		{47015453-4A6B-8F62-7723-F87735FFD90C}.Release|Any CPU.Build.0 = Release|Any CPU
		{DCCAFAA7-B3E8-2E1A-031F-BCD34CFB9792}.Debug|Any CPU.ActiveCfg = Debug|Any CPU
		{DCCAFAA7-B3E8-2E1A-031F-BCD34CFB9792}.Debug|Any CPU.Build.0 = Debug|Any CPU
		{DCCAFAA7-B3E8-2E1A-031F-BCD34CFB9792}.Release|Any CPU.ActiveCfg = Release|Any CPU
		{DCCAFAA7-B3E8-2E1A-031F-BCD34CFB9792}.Release|Any CPU.Build.0 = Release|Any CPU
		{BB16DB83-2C0C-C738-107D-E4D168A264EC}.Debug|Any CPU.ActiveCfg = Debug|Any CPU
		{BB16DB83-2C0C-C738-107D-E4D168A264EC}.Debug|Any CPU.Build.0 = Debug|Any CPU
		{BB16DB83-2C0C-C738-107D-E4D168A264EC}.Release|Any CPU.ActiveCfg = Release|Any CPU
		{BB16DB83-2C0C-C738-107D-E4D168A264EC}.Release|Any CPU.Build.0 = Release|Any CPU
		{F5C16599-C3FF-52F1-E62A-5E292FC91A32}.Debug|Any CPU.ActiveCfg = Debug|Any CPU
		{F5C16599-C3FF-52F1-E62A-5E292FC91A32}.Debug|Any CPU.Build.0 = Debug|Any CPU
		{F5C16599-C3FF-52F1-E62A-5E292FC91A32}.Release|Any CPU.ActiveCfg = Release|Any CPU
		{F5C16599-C3FF-52F1-E62A-5E292FC91A32}.Release|Any CPU.Build.0 = Release|Any CPU
	EndGlobalSection
	GlobalSection(SolutionProperties) = preSolution
		HideSolutionNode = FALSE
	EndGlobalSection
	GlobalSection(NestedProjects) = preSolution
		{BC2AA979-2243-FF13-BB7F-56EBD7CFC3E6} = {02EA681E-C7D8-13C7-8484-4AC65E1B71E8}
		{09631A14-7740-C41A-E3FF-039A2EF8C786} = {02EA681E-C7D8-13C7-8484-4AC65E1B71E8}
		{57631CDA-B8F6-358C-1C65-CD56AFBC479B} = {02EA681E-C7D8-13C7-8484-4AC65E1B71E8}
		{51775E63-008B-4DD7-C926-806B3FADEDF0} = {02EA681E-C7D8-13C7-8484-4AC65E1B71E8}
		{A4879797-CBD5-D613-5E18-239EC781A4B1} = {BEFDDBE1-9325-4945-B109-A7B31D39A30A}
		{CC0E7C14-465D-46C7-8237-A0891C6CC08A} = {641E0F7E-B20D-473E-90EB-6FD8C7A6C9D1}
		{BB16DB83-2C0C-C738-107D-E4D168A264EC} = {CC0E7C14-465D-46C7-8237-A0891C6CC08A}
		{F5C16599-C3FF-52F1-E62A-5E292FC91A32} = {641E0F7E-B20D-473E-90EB-6FD8C7A6C9D1}
	EndGlobalSection
	GlobalSection(ExtensibilityGlobals) = postSolution
		SolutionGuid = {668A6A99-1CAE-4898-9912-F0E5FC3C22E7}
	EndGlobalSection
EndGlobal
