
Microsoft Visual Studio Solution File, Format Version 12.00
# Visual Studio Version 16
VisualStudioVersion = 16.0.32106.194
MinimumVisualStudioVersion = 10.0.40219.1
Project("{FAE04EC0-301F-11D3-BF4B-00C04F79EFBC}") = "UKHO.ExternalNotificationService.API", "UKHO.ExternalNotificationService.API.csproj", "{BA37DF45-2D82-4F01-8EF8-2605F5D93ED3}"
EndProject
Global
	GlobalSection(SolutionConfigurationPlatforms) = preSolution
		Debug|Any CPU = Debug|Any CPU
		Release|Any CPU = Release|Any CPU
	EndGlobalSection
	GlobalSection(ProjectConfigurationPlatforms) = postSolution
		{BA37DF45-2D82-4F01-8EF8-2605F5D93ED3}.Debug|Any CPU.ActiveCfg = Debug|Any CPU
		{BA37DF45-2D82-4F01-8EF8-2605F5D93ED3}.Debug|Any CPU.Build.0 = Debug|Any CPU
		{BA37DF45-2D82-4F01-8EF8-2605F5D93ED3}.Release|Any CPU.ActiveCfg = Release|Any CPU
		{BA37DF45-2D82-4F01-8EF8-2605F5D93ED3}.Release|Any CPU.Build.0 = Release|Any CPU
	EndGlobalSection
	GlobalSection(SolutionProperties) = preSolution
		HideSolutionNode = FALSE
	EndGlobalSection
	GlobalSection(ExtensibilityGlobals) = postSolution
		SolutionGuid = {35877BEB-79F7-4289-B8B0-8F5B13643D0E}
	EndGlobalSection
EndGlobal
